
Microsoft Visual Studio Solution File, Format Version 12.00
# Visual Studio Version 16
VisualStudioVersion = 16.0.31424.327
MinimumVisualStudioVersion = 10.0.40219.1
Project("{FAE04EC0-301F-11D3-BF4B-00C04F79EFBC}") = "LineageConnector", "LineageConnector\LineageConnector.csproj", "{F3EA69D8-9199-4DE6-ACA2-5A9DE8F51B05}"
EndProject
Global
	GlobalSection(SolutionConfigurationPlatforms) = preSolution
		Debug|Any CPU = Debug|Any CPU
		Release|Any CPU = Release|Any CPU
	EndGlobalSection
	GlobalSection(ProjectConfigurationPlatforms) = postSolution
		{F3EA69D8-9199-4DE6-ACA2-5A9DE8F51B05}.Debug|Any CPU.ActiveCfg = Debug|Any CPU
		{F3EA69D8-9199-4DE6-ACA2-5A9DE8F51B05}.Debug|Any CPU.Build.0 = Debug|Any CPU
		{F3EA69D8-9199-4DE6-ACA2-5A9DE8F51B05}.Release|Any CPU.ActiveCfg = Release|Any CPU
		{F3EA69D8-9199-4DE6-ACA2-5A9DE8F51B05}.Release|Any CPU.Build.0 = Release|Any CPU
	EndGlobalSection
	GlobalSection(SolutionProperties) = preSolution
		HideSolutionNode = FALSE
	EndGlobalSection
	GlobalSection(ExtensibilityGlobals) = postSolution
		SolutionGuid = {ACAE137E-DE79-4654-98FD-665BD2295086}
	EndGlobalSection
EndGlobal
